
Microsoft Visual Studio Solution File, Format Version 12.00
# Visual Studio Version 16
VisualStudioVersion = 16.0.29911.84
MinimumVisualStudioVersion = 10.0.40219.1
Project("{FAE04EC0-301F-11D3-BF4B-00C04F79EFBC}") = "ExpendioPrueba.Android", "ExpendioPrueba\ExpendioPrueba.Android\ExpendioPrueba.Android.csproj", "{EF22B699-0962-45B1-A55E-E39FD0F5BD64}"
EndProject
Project("{FAE04EC0-301F-11D3-BF4B-00C04F79EFBC}") = "ExpendioPrueba.iOS", "ExpendioPrueba\ExpendioPrueba.iOS\ExpendioPrueba.iOS.csproj", "{6B40C955-D91E-4086-8DFD-2834DFB2223C}"
EndProject
Project("{FAE04EC0-301F-11D3-BF4B-00C04F79EFBC}") = "ExpendioPrueba", "ExpendioPrueba\ExpendioPrueba\ExpendioPrueba.csproj", "{3BF38127-646C-474F-A3DC-D858DA26457F}"
EndProject
Global
	GlobalSection(SolutionConfigurationPlatforms) = preSolution
		Debug|Any CPU = Debug|Any CPU
		Debug|iPhone = Debug|iPhone
		Debug|iPhoneSimulator = Debug|iPhoneSimulator
		Release|Any CPU = Release|Any CPU
		Release|iPhone = Release|iPhone
		Release|iPhoneSimulator = Release|iPhoneSimulator
	EndGlobalSection
	GlobalSection(ProjectConfigurationPlatforms) = postSolution
		{EF22B699-0962-45B1-A55E-E39FD0F5BD64}.Debug|Any CPU.ActiveCfg = Debug|Any CPU
		{EF22B699-0962-45B1-A55E-E39FD0F5BD64}.Debug|Any CPU.Build.0 = Debug|Any CPU
		{EF22B699-0962-45B1-A55E-E39FD0F5BD64}.Debug|Any CPU.Deploy.0 = Debug|Any CPU
		{EF22B699-0962-45B1-A55E-E39FD0F5BD64}.Debug|iPhone.ActiveCfg = Debug|Any CPU
		{EF22B699-0962-45B1-A55E-E39FD0F5BD64}.Debug|iPhone.Build.0 = Debug|Any CPU
		{EF22B699-0962-45B1-A55E-E39FD0F5BD64}.Debug|iPhone.Deploy.0 = Debug|Any CPU
		{EF22B699-0962-45B1-A55E-E39FD0F5BD64}.Debug|iPhoneSimulator.ActiveCfg = Debug|Any CPU
		{EF22B699-0962-45B1-A55E-E39FD0F5BD64}.Debug|iPhoneSimulator.Build.0 = Debug|Any CPU
		{EF22B699-0962-45B1-A55E-E39FD0F5BD64}.Debug|iPhoneSimulator.Deploy.0 = Debug|Any CPU
		{EF22B699-0962-45B1-A55E-E39FD0F5BD64}.Release|Any CPU.ActiveCfg = Release|Any CPU
		{EF22B699-0962-45B1-A55E-E39FD0F5BD64}.Release|Any CPU.Build.0 = Release|Any CPU
		{EF22B699-0962-45B1-A55E-E39FD0F5BD64}.Release|Any CPU.Deploy.0 = Release|Any CPU
		{EF22B699-0962-45B1-A55E-E39FD0F5BD64}.Release|iPhone.ActiveCfg = Release|Any CPU
		{EF22B699-0962-45B1-A55E-E39FD0F5BD64}.Release|iPhone.Build.0 = Release|Any CPU
		{EF22B699-0962-45B1-A55E-E39FD0F5BD64}.Release|iPhone.Deploy.0 = Release|Any CPU
		{EF22B699-0962-45B1-A55E-E39FD0F5BD64}.Release|iPhoneSimulator.ActiveCfg = Release|Any CPU
		{EF22B699-0962-45B1-A55E-E39FD0F5BD64}.Release|iPhoneSimulator.Build.0 = Release|Any CPU
		{EF22B699-0962-45B1-A55E-E39FD0F5BD64}.Release|iPhoneSimulator.Deploy.0 = Release|Any CPU
		{6B40C955-D91E-4086-8DFD-2834DFB2223C}.Debug|Any CPU.ActiveCfg = Debug|iPhone
		{6B40C955-D91E-4086-8DFD-2834DFB2223C}.Debug|Any CPU.Build.0 = Debug|iPhone
		{6B40C955-D91E-4086-8DFD-2834DFB2223C}.Debug|Any CPU.Deploy.0 = Debug|iPhone
		{6B40C955-D91E-4086-8DFD-2834DFB2223C}.Debug|iPhone.ActiveCfg = Debug|iPhone
		{6B40C955-D91E-4086-8DFD-2834DFB2223C}.Debug|iPhone.Build.0 = Debug|iPhone
		{6B40C955-D91E-4086-8DFD-2834DFB2223C}.Debug|iPhone.Deploy.0 = Debug|iPhone
		{6B40C955-D91E-4086-8DFD-2834DFB2223C}.Debug|iPhoneSimulator.ActiveCfg = Debug|iPhoneSimulator
		{6B40C955-D91E-4086-8DFD-2834DFB2223C}.Debug|iPhoneSimulator.Build.0 = Debug|iPhoneSimulator
		{6B40C955-D91E-4086-8DFD-2834DFB2223C}.Debug|iPhoneSimulator.Deploy.0 = Debug|iPhoneSimulator
		{6B40C955-D91E-4086-8DFD-2834DFB2223C}.Release|Any CPU.ActiveCfg = Release|iPhone
		{6B40C955-D91E-4086-8DFD-2834DFB2223C}.Release|Any CPU.Build.0 = Release|iPhone
		{6B40C955-D91E-4086-8DFD-2834DFB2223C}.Release|Any CPU.Deploy.0 = Release|iPhone
		{6B40C955-D91E-4086-8DFD-2834DFB2223C}.Release|iPhone.ActiveCfg = Release|iPhone
		{6B40C955-D91E-4086-8DFD-2834DFB2223C}.Release|iPhone.Build.0 = Release|iPhone
		{6B40C955-D91E-4086-8DFD-2834DFB2223C}.Release|iPhone.Deploy.0 = Release|iPhone
		{6B40C955-D91E-4086-8DFD-2834DFB2223C}.Release|iPhoneSimulator.ActiveCfg = Release|iPhoneSimulator
		{6B40C955-D91E-4086-8DFD-2834DFB2223C}.Release|iPhoneSimulator.Build.0 = Release|iPhoneSimulator
		{6B40C955-D91E-4086-8DFD-2834DFB2223C}.Release|iPhoneSimulator.Deploy.0 = Release|iPhoneSimulator
		{3BF38127-646C-474F-A3DC-D858DA26457F}.Debug|Any CPU.ActiveCfg = Debug|Any CPU
		{3BF38127-646C-474F-A3DC-D858DA26457F}.Debug|Any CPU.Build.0 = Debug|Any CPU
		{3BF38127-646C-474F-A3DC-D858DA26457F}.Debug|Any CPU.Deploy.0 = Debug|Any CPU
		{3BF38127-646C-474F-A3DC-D858DA26457F}.Debug|iPhone.ActiveCfg = Debug|Any CPU
		{3BF38127-646C-474F-A3DC-D858DA26457F}.Debug|iPhone.Build.0 = Debug|Any CPU
		{3BF38127-646C-474F-A3DC-D858DA26457F}.Debug|iPhone.Deploy.0 = Debug|Any CPU
		{3BF38127-646C-474F-A3DC-D858DA26457F}.Debug|iPhoneSimulator.ActiveCfg = Debug|Any CPU
		{3BF38127-646C-474F-A3DC-D858DA26457F}.Debug|iPhoneSimulator.Build.0 = Debug|Any CPU
		{3BF38127-646C-474F-A3DC-D858DA26457F}.Debug|iPhoneSimulator.Deploy.0 = Debug|Any CPU
		{3BF38127-646C-474F-A3DC-D858DA26457F}.Release|Any CPU.ActiveCfg = Release|Any CPU
		{3BF38127-646C-474F-A3DC-D858DA26457F}.Release|Any CPU.Build.0 = Release|Any CPU
		{3BF38127-646C-474F-A3DC-D858DA26457F}.Release|Any CPU.Deploy.0 = Release|Any CPU
		{3BF38127-646C-474F-A3DC-D858DA26457F}.Release|iPhone.ActiveCfg = Release|Any CPU
		{3BF38127-646C-474F-A3DC-D858DA26457F}.Release|iPhone.Build.0 = Release|Any CPU
		{3BF38127-646C-474F-A3DC-D858DA26457F}.Release|iPhone.Deploy.0 = Release|Any CPU
		{3BF38127-646C-474F-A3DC-D858DA26457F}.Release|iPhoneSimulator.ActiveCfg = Release|Any CPU
		{3BF38127-646C-474F-A3DC-D858DA26457F}.Release|iPhoneSimulator.Build.0 = Release|Any CPU
		{3BF38127-646C-474F-A3DC-D858DA26457F}.Release|iPhoneSimulator.Deploy.0 = Release|Any CPU
	EndGlobalSection
	GlobalSection(SolutionProperties) = preSolution
		HideSolutionNode = FALSE
	EndGlobalSection
	GlobalSection(ExtensibilityGlobals) = postSolution
		SolutionGuid = {6A81B17E-65ED-426B-8C7A-E4A6E5ECF085}
	EndGlobalSection
EndGlobal
